// !$*UTF8*$!
{
	archiveVersion = 1;
	classes = {
	};
	objectVersion = 50;
	objects = {

/* Begin PBXBuildFile section */
		527B91D9227C2A960095F992 /* VideoViewOutput.swift in Sources */ = {isa = PBXBuildFile; fileRef = 527B91D8227C2A960095F992 /* VideoViewOutput.swift */; };
		527B91DB227C2AA40095F992 /* VideoViewInput.swift in Sources */ = {isa = PBXBuildFile; fileRef = 527B91DA227C2AA40095F992 /* VideoViewInput.swift */; };
		527B91DF227C2ACF0095F992 /* VideoViewController.swift in Sources */ = {isa = PBXBuildFile; fileRef = 527B91DE227C2ACF0095F992 /* VideoViewController.swift */; };
		527B91E1227C2EE00095F992 /* VideoPresenter.swift in Sources */ = {isa = PBXBuildFile; fileRef = 527B91E0227C2EE00095F992 /* VideoPresenter.swift */; };
		527B91E5227C2F110095F992 /* VideoInteractor.swift in Sources */ = {isa = PBXBuildFile; fileRef = 527B91E4227C2F110095F992 /* VideoInteractor.swift */; };
		527B91E7227C2F210095F992 /* VideoInteractorInput.swift in Sources */ = {isa = PBXBuildFile; fileRef = 527B91E6227C2F210095F992 /* VideoInteractorInput.swift */; };
		527B91E9227C2F2C0095F992 /* VideoInteractorOutput.swift in Sources */ = {isa = PBXBuildFile; fileRef = 527B91E8227C2F2C0095F992 /* VideoInteractorOutput.swift */; };
		527B91ED227C37DD0095F992 /* VideoModuleConfigurator.swift in Sources */ = {isa = PBXBuildFile; fileRef = 527B91EC227C37DD0095F992 /* VideoModuleConfigurator.swift */; };
		52A6B5E6226622FA004861B3 /* AppDelegate.swift in Sources */ = {isa = PBXBuildFile; fileRef = 52A6B5E5226622FA004861B3 /* AppDelegate.swift */; };
		52A6B5EB226622FA004861B3 /* Main.storyboard in Resources */ = {isa = PBXBuildFile; fileRef = 52A6B5E9226622FA004861B3 /* Main.storyboard */; };
		52A6B5ED22662300004861B3 /* Assets.xcassets in Resources */ = {isa = PBXBuildFile; fileRef = 52A6B5EC22662300004861B3 /* Assets.xcassets */; };
		52A6B5F022662300004861B3 /* LaunchScreen.storyboard in Resources */ = {isa = PBXBuildFile; fileRef = 52A6B5EE22662300004861B3 /* LaunchScreen.storyboard */; };
		52A6B6092266274D004861B3 /* MainScreenPresenter.swift in Sources */ = {isa = PBXBuildFile; fileRef = 52A6B5FB2266274D004861B3 /* MainScreenPresenter.swift */; };
		52A6B60A2266274D004861B3 /* MainScreenModuleConfigurator.swift in Sources */ = {isa = PBXBuildFile; fileRef = 52A6B5FC2266274D004861B3 /* MainScreenModuleConfigurator.swift */; };
		52A6B60E2266274D004861B3 /* MainScreenInteractorOutput.swift in Sources */ = {isa = PBXBuildFile; fileRef = 52A6B6022266274D004861B3 /* MainScreenInteractorOutput.swift */; };
		52A6B60F2266274D004861B3 /* MainScreenInteractorInput.swift in Sources */ = {isa = PBXBuildFile; fileRef = 52A6B6032266274D004861B3 /* MainScreenInteractorInput.swift */; };
		52A6B6102266274D004861B3 /* MainScreenInteractor.swift in Sources */ = {isa = PBXBuildFile; fileRef = 52A6B6042266274D004861B3 /* MainScreenInteractor.swift */; };
		52A6B6112266274D004861B3 /* MainScreenRouterInput.swift in Sources */ = {isa = PBXBuildFile; fileRef = 52A6B6062266274D004861B3 /* MainScreenRouterInput.swift */; };
		52A6B6122266274D004861B3 /* MainScreenRouterOutput.swift in Sources */ = {isa = PBXBuildFile; fileRef = 52A6B6072266274D004861B3 /* MainScreenRouterOutput.swift */; };
		52A6B6132266274D004861B3 /* MainScreenRouter.swift in Sources */ = {isa = PBXBuildFile; fileRef = 52A6B6082266274D004861B3 /* MainScreenRouter.swift */; };
		52A6B615226628D4004861B3 /* GradientView.swift in Sources */ = {isa = PBXBuildFile; fileRef = 52A6B614226628D4004861B3 /* GradientView.swift */; };
		52A6B61B22664AB3004861B3 /* MainScreenViewOutput.swift in Sources */ = {isa = PBXBuildFile; fileRef = 52A6B61822664AB3004861B3 /* MainScreenViewOutput.swift */; };
		52A6B61C22664AB3004861B3 /* MainScreenViewInput.swift in Sources */ = {isa = PBXBuildFile; fileRef = 52A6B61922664AB3004861B3 /* MainScreenViewInput.swift */; };
		52A6B61D22664AB3004861B3 /* MainScreenViewController.swift in Sources */ = {isa = PBXBuildFile; fileRef = 52A6B61A22664AB3004861B3 /* MainScreenViewController.swift */; };
		52A6B62322664B83004861B3 /* BaseViewOutput.swift in Sources */ = {isa = PBXBuildFile; fileRef = 52A6B62022664B82004861B3 /* BaseViewOutput.swift */; };
		52A6B62422664B83004861B3 /* BaseViewController.swift in Sources */ = {isa = PBXBuildFile; fileRef = 52A6B62122664B83004861B3 /* BaseViewController.swift */; };
		52A6B62522664B83004861B3 /* BaseViewInput.swift in Sources */ = {isa = PBXBuildFile; fileRef = 52A6B62222664B83004861B3 /* BaseViewInput.swift */; };
		52A6B62A22664B8C004861B3 /* MenuViewOutput.swift in Sources */ = {isa = PBXBuildFile; fileRef = 52A6B62722664B8C004861B3 /* MenuViewOutput.swift */; };
		52A6B62B22664B8C004861B3 /* MenuViewInput.swift in Sources */ = {isa = PBXBuildFile; fileRef = 52A6B62822664B8C004861B3 /* MenuViewInput.swift */; };
		52A6B62C22664B8C004861B3 /* MenuViewController.swift in Sources */ = {isa = PBXBuildFile; fileRef = 52A6B62922664B8C004861B3 /* MenuViewController.swift */; };
		A5F1B505C328FD78A0190263 /* Pods_EyeExecises.framework in Frameworks */ = {isa = PBXBuildFile; fileRef = 3F9FC735F3190EDF2839C0B6 /* Pods_EyeExecises.framework */; };
/* End PBXBuildFile section */

/* Begin PBXFileReference section */
		37934CCBC6ECC44189E25E0B /* Pods-EyeExecises.debug.xcconfig */ = {isa = PBXFileReference; includeInIndex = 1; lastKnownFileType = text.xcconfig; name = "Pods-EyeExecises.debug.xcconfig"; path = "Target Support Files/Pods-EyeExecises/Pods-EyeExecises.debug.xcconfig"; sourceTree = "<group>"; };
		3F9FC735F3190EDF2839C0B6 /* Pods_EyeExecises.framework */ = {isa = PBXFileReference; explicitFileType = wrapper.framework; includeInIndex = 0; path = Pods_EyeExecises.framework; sourceTree = BUILT_PRODUCTS_DIR; };
		44FED1E2D6A40A1D9D01BDEC /* Pods-EyeExecises.release.xcconfig */ = {isa = PBXFileReference; includeInIndex = 1; lastKnownFileType = text.xcconfig; name = "Pods-EyeExecises.release.xcconfig"; path = "Target Support Files/Pods-EyeExecises/Pods-EyeExecises.release.xcconfig"; sourceTree = "<group>"; };
		527B91D8227C2A960095F992 /* VideoViewOutput.swift */ = {isa = PBXFileReference; lastKnownFileType = sourcecode.swift; path = VideoViewOutput.swift; sourceTree = "<group>"; };
		527B91DA227C2AA40095F992 /* VideoViewInput.swift */ = {isa = PBXFileReference; lastKnownFileType = sourcecode.swift; path = VideoViewInput.swift; sourceTree = "<group>"; };
		527B91DE227C2ACF0095F992 /* VideoViewController.swift */ = {isa = PBXFileReference; lastKnownFileType = sourcecode.swift; path = VideoViewController.swift; sourceTree = "<group>"; };
		527B91E0227C2EE00095F992 /* VideoPresenter.swift */ = {isa = PBXFileReference; lastKnownFileType = sourcecode.swift; path = VideoPresenter.swift; sourceTree = "<group>"; };
		527B91E4227C2F110095F992 /* VideoInteractor.swift */ = {isa = PBXFileReference; lastKnownFileType = sourcecode.swift; path = VideoInteractor.swift; sourceTree = "<group>"; };
		527B91E6227C2F210095F992 /* VideoInteractorInput.swift */ = {isa = PBXFileReference; lastKnownFileType = sourcecode.swift; path = VideoInteractorInput.swift; sourceTree = "<group>"; };
		527B91E8227C2F2C0095F992 /* VideoInteractorOutput.swift */ = {isa = PBXFileReference; lastKnownFileType = sourcecode.swift; path = VideoInteractorOutput.swift; sourceTree = "<group>"; };
		527B91EC227C37DD0095F992 /* VideoModuleConfigurator.swift */ = {isa = PBXFileReference; lastKnownFileType = sourcecode.swift; path = VideoModuleConfigurator.swift; sourceTree = "<group>"; };
		52A6B5E2226622FA004861B3 /* EyeExecises.app */ = {isa = PBXFileReference; explicitFileType = wrapper.application; includeInIndex = 0; path = EyeExecises.app; sourceTree = BUILT_PRODUCTS_DIR; };
		52A6B5E5226622FA004861B3 /* AppDelegate.swift */ = {isa = PBXFileReference; lastKnownFileType = sourcecode.swift; path = AppDelegate.swift; sourceTree = "<group>"; };
		52A6B5EA226622FA004861B3 /* Base */ = {isa = PBXFileReference; lastKnownFileType = file.storyboard; name = Base; path = Base.lproj/Main.storyboard; sourceTree = "<group>"; };
		52A6B5EC22662300004861B3 /* Assets.xcassets */ = {isa = PBXFileReference; lastKnownFileType = folder.assetcatalog; path = Assets.xcassets; sourceTree = "<group>"; };
		52A6B5EF22662300004861B3 /* Base */ = {isa = PBXFileReference; lastKnownFileType = file.storyboard; name = Base; path = Base.lproj/LaunchScreen.storyboard; sourceTree = "<group>"; };
		52A6B5F122662300004861B3 /* Info.plist */ = {isa = PBXFileReference; lastKnownFileType = text.plist.xml; path = Info.plist; sourceTree = "<group>"; };
		52A6B5FB2266274D004861B3 /* MainScreenPresenter.swift */ = {isa = PBXFileReference; fileEncoding = 4; lastKnownFileType = sourcecode.swift; path = MainScreenPresenter.swift; sourceTree = "<group>"; };
		52A6B5FC2266274D004861B3 /* MainScreenModuleConfigurator.swift */ = {isa = PBXFileReference; fileEncoding = 4; lastKnownFileType = sourcecode.swift; path = MainScreenModuleConfigurator.swift; sourceTree = "<group>"; };
		52A6B6022266274D004861B3 /* MainScreenInteractorOutput.swift */ = {isa = PBXFileReference; fileEncoding = 4; lastKnownFileType = sourcecode.swift; path = MainScreenInteractorOutput.swift; sourceTree = "<group>"; };
		52A6B6032266274D004861B3 /* MainScreenInteractorInput.swift */ = {isa = PBXFileReference; fileEncoding = 4; lastKnownFileType = sourcecode.swift; path = MainScreenInteractorInput.swift; sourceTree = "<group>"; };
		52A6B6042266274D004861B3 /* MainScreenInteractor.swift */ = {isa = PBXFileReference; fileEncoding = 4; lastKnownFileType = sourcecode.swift; path = MainScreenInteractor.swift; sourceTree = "<group>"; };
		52A6B6062266274D004861B3 /* MainScreenRouterInput.swift */ = {isa = PBXFileReference; fileEncoding = 4; lastKnownFileType = sourcecode.swift; path = MainScreenRouterInput.swift; sourceTree = "<group>"; };
		52A6B6072266274D004861B3 /* MainScreenRouterOutput.swift */ = {isa = PBXFileReference; fileEncoding = 4; lastKnownFileType = sourcecode.swift; path = MainScreenRouterOutput.swift; sourceTree = "<group>"; };
		52A6B6082266274D004861B3 /* MainScreenRouter.swift */ = {isa = PBXFileReference; fileEncoding = 4; lastKnownFileType = sourcecode.swift; path = MainScreenRouter.swift; sourceTree = "<group>"; };
		52A6B614226628D4004861B3 /* GradientView.swift */ = {isa = PBXFileReference; fileEncoding = 4; lastKnownFileType = sourcecode.swift; path = GradientView.swift; sourceTree = "<group>"; };
		52A6B61822664AB3004861B3 /* MainScreenViewOutput.swift */ = {isa = PBXFileReference; fileEncoding = 4; lastKnownFileType = sourcecode.swift; path = MainScreenViewOutput.swift; sourceTree = "<group>"; };
		52A6B61922664AB3004861B3 /* MainScreenViewInput.swift */ = {isa = PBXFileReference; fileEncoding = 4; lastKnownFileType = sourcecode.swift; path = MainScreenViewInput.swift; sourceTree = "<group>"; };
		52A6B61A22664AB3004861B3 /* MainScreenViewController.swift */ = {isa = PBXFileReference; fileEncoding = 4; lastKnownFileType = sourcecode.swift; path = MainScreenViewController.swift; sourceTree = "<group>"; };
		52A6B62022664B82004861B3 /* BaseViewOutput.swift */ = {isa = PBXFileReference; fileEncoding = 4; lastKnownFileType = sourcecode.swift; path = BaseViewOutput.swift; sourceTree = "<group>"; };
		52A6B62122664B83004861B3 /* BaseViewController.swift */ = {isa = PBXFileReference; fileEncoding = 4; lastKnownFileType = sourcecode.swift; path = BaseViewController.swift; sourceTree = "<group>"; };
		52A6B62222664B83004861B3 /* BaseViewInput.swift */ = {isa = PBXFileReference; fileEncoding = 4; lastKnownFileType = sourcecode.swift; path = BaseViewInput.swift; sourceTree = "<group>"; };
		52A6B62722664B8C004861B3 /* MenuViewOutput.swift */ = {isa = PBXFileReference; fileEncoding = 4; lastKnownFileType = sourcecode.swift; path = MenuViewOutput.swift; sourceTree = "<group>"; };
		52A6B62822664B8C004861B3 /* MenuViewInput.swift */ = {isa = PBXFileReference; fileEncoding = 4; lastKnownFileType = sourcecode.swift; path = MenuViewInput.swift; sourceTree = "<group>"; };
		52A6B62922664B8C004861B3 /* MenuViewController.swift */ = {isa = PBXFileReference; fileEncoding = 4; lastKnownFileType = sourcecode.swift; path = MenuViewController.swift; sourceTree = "<group>"; };
/* End PBXFileReference section */

/* Begin PBXFrameworksBuildPhase section */
		52A6B5DF226622FA004861B3 /* Frameworks */ = {
			isa = PBXFrameworksBuildPhase;
			buildActionMask = 2147483647;
			files = (
				A5F1B505C328FD78A0190263 /* Pods_EyeExecises.framework in Frameworks */,
			);
			runOnlyForDeploymentPostprocessing = 0;
		};
/* End PBXFrameworksBuildPhase section */

/* Begin PBXGroup section */
		32A414195CAF7BEFB1853EA9 /* Frameworks */ = {
			isa = PBXGroup;
			children = (
				3F9FC735F3190EDF2839C0B6 /* Pods_EyeExecises.framework */,
			);
			name = Frameworks;
			sourceTree = "<group>";
		};
		527B91D7227C2A750095F992 /* video */ = {
			isa = PBXGroup;
			children = (
				527B91D8227C2A960095F992 /* VideoViewOutput.swift */,
				527B91DA227C2AA40095F992 /* VideoViewInput.swift */,
				527B91DE227C2ACF0095F992 /* VideoViewController.swift */,
			);
			path = video;
			sourceTree = "<group>";
		};
		527B91E3227C2EFA0095F992 /* video */ = {
			isa = PBXGroup;
			children = (
				527B91E4227C2F110095F992 /* VideoInteractor.swift */,
				527B91E6227C2F210095F992 /* VideoInteractorInput.swift */,
				527B91E8227C2F2C0095F992 /* VideoInteractorOutput.swift */,
			);
			path = video;
			sourceTree = "<group>";
		};
		52A6B5D9226622FA004861B3 = {
			isa = PBXGroup;
			children = (
				52A6B5E4226622FA004861B3 /* EyeExecises */,
				52A6B5E3226622FA004861B3 /* Products */,
				CD8B18168EEEE59273B7894D /* Pods */,
				32A414195CAF7BEFB1853EA9 /* Frameworks */,
			);
			sourceTree = "<group>";
		};
		52A6B5E3226622FA004861B3 /* Products */ = {
			isa = PBXGroup;
			children = (
				52A6B5E2226622FA004861B3 /* EyeExecises.app */,
			);
			name = Products;
			sourceTree = "<group>";
		};
		52A6B5E4226622FA004861B3 /* EyeExecises */ = {
			isa = PBXGroup;
			children = (
				52A6B614226628D4004861B3 /* GradientView.swift */,
				52A6B5F92266274D004861B3 /* MainScreen */,
				52A6B5E5226622FA004861B3 /* AppDelegate.swift */,
				52A6B5E9226622FA004861B3 /* Main.storyboard */,
				52A6B5EC22662300004861B3 /* Assets.xcassets */,
				52A6B5EE22662300004861B3 /* LaunchScreen.storyboard */,
				52A6B5F122662300004861B3 /* Info.plist */,
			);
			path = EyeExecises;
			sourceTree = "<group>";
		};
		52A6B5F92266274D004861B3 /* MainScreen */ = {
			isa = PBXGroup;
			children = (
				52A6B5FA2266274D004861B3 /* Presenter */,
				52A6B5FC2266274D004861B3 /* MainScreenModuleConfigurator.swift */,
				527B91EC227C37DD0095F992 /* VideoModuleConfigurator.swift */,
				52A6B5FD2266274D004861B3 /* View */,
				52A6B6012266274D004861B3 /* Interactor */,
				52A6B6052266274D004861B3 /* Router */,
			);
			path = MainScreen;
			sourceTree = "<group>";
		};
		52A6B5FA2266274D004861B3 /* Presenter */ = {
			isa = PBXGroup;
			children = (
				52A6B5FB2266274D004861B3 /* MainScreenPresenter.swift */,
				527B91E0227C2EE00095F992 /* VideoPresenter.swift */,
			);
			path = Presenter;
			sourceTree = "<group>";
		};
		52A6B5FD2266274D004861B3 /* View */ = {
			isa = PBXGroup;
			children = (
				527B91D7227C2A750095F992 /* video */,
				52A6B62622664B8C004861B3 /* menu */,
				52A6B61F22664B82004861B3 /* base */,
				52A6B61722664AB3004861B3 /* main */,
			);
			path = View;
			sourceTree = "<group>";
		};
		52A6B6012266274D004861B3 /* Interactor */ = {
			isa = PBXGroup;
			children = (
				52A6B6022266274D004861B3 /* MainScreenInteractorOutput.swift */,
				52A6B6032266274D004861B3 /* MainScreenInteractorInput.swift */,
				52A6B6042266274D004861B3 /* MainScreenInteractor.swift */,
				527B91E3227C2EFA0095F992 /* video */,
			);
			path = Interactor;
			sourceTree = "<group>";
		};
		52A6B6052266274D004861B3 /* Router */ = {
			isa = PBXGroup;
			children = (
				52A6B6062266274D004861B3 /* MainScreenRouterInput.swift */,
				52A6B6072266274D004861B3 /* MainScreenRouterOutput.swift */,
				52A6B6082266274D004861B3 /* MainScreenRouter.swift */,
			);
			path = Router;
			sourceTree = "<group>";
		};
		52A6B61722664AB3004861B3 /* main */ = {
			isa = PBXGroup;
			children = (
				52A6B61822664AB3004861B3 /* MainScreenViewOutput.swift */,
				52A6B61922664AB3004861B3 /* MainScreenViewInput.swift */,
				52A6B61A22664AB3004861B3 /* MainScreenViewController.swift */,
			);
			path = main;
			sourceTree = "<group>";
		};
		52A6B61F22664B82004861B3 /* base */ = {
			isa = PBXGroup;
			children = (
				52A6B62022664B82004861B3 /* BaseViewOutput.swift */,
				52A6B62122664B83004861B3 /* BaseViewController.swift */,
				52A6B62222664B83004861B3 /* BaseViewInput.swift */,
			);
			path = base;
			sourceTree = "<group>";
		};
		52A6B62622664B8C004861B3 /* menu */ = {
			isa = PBXGroup;
			children = (
				52A6B62722664B8C004861B3 /* MenuViewOutput.swift */,
				52A6B62822664B8C004861B3 /* MenuViewInput.swift */,
				52A6B62922664B8C004861B3 /* MenuViewController.swift */,
			);
			path = menu;
			sourceTree = "<group>";
		};
		CD8B18168EEEE59273B7894D /* Pods */ = {
			isa = PBXGroup;
			children = (
				37934CCBC6ECC44189E25E0B /* Pods-EyeExecises.debug.xcconfig */,
				44FED1E2D6A40A1D9D01BDEC /* Pods-EyeExecises.release.xcconfig */,
			);
			path = Pods;
			sourceTree = "<group>";
		};
/* End PBXGroup section */

/* Begin PBXNativeTarget section */
		52A6B5E1226622FA004861B3 /* EyeExecises */ = {
			isa = PBXNativeTarget;
			buildConfigurationList = 52A6B5F422662300004861B3 /* Build configuration list for PBXNativeTarget "EyeExecises" */;
			buildPhases = (
				B5F241B98A6FDD000C7F69E6 /* [CP] Check Pods Manifest.lock */,
				52A6B5DE226622FA004861B3 /* Sources */,
				52A6B5DF226622FA004861B3 /* Frameworks */,
				52A6B5E0226622FA004861B3 /* Resources */,
			);
			buildRules = (
			);
			dependencies = (
			);
			name = EyeExecises;
			productName = EyeExecises;
			productReference = 52A6B5E2226622FA004861B3 /* EyeExecises.app */;
			productType = "com.apple.product-type.application";
		};
/* End PBXNativeTarget section */

/* Begin PBXProject section */
		52A6B5DA226622FA004861B3 /* Project object */ = {
			isa = PBXProject;
			attributes = {
				LastSwiftUpdateCheck = 1010;
				LastUpgradeCheck = 1010;
				ORGANIZATIONNAME = "Гузель";
				TargetAttributes = {
					52A6B5E1226622FA004861B3 = {
						CreatedOnToolsVersion = 10.1;
					};
				};
			};
			buildConfigurationList = 52A6B5DD226622FA004861B3 /* Build configuration list for PBXProject "EyeExecises" */;
			compatibilityVersion = "Xcode 9.3";
			developmentRegion = en;
			hasScannedForEncodings = 0;
			knownRegions = (
				en,
				Base,
			);
			mainGroup = 52A6B5D9226622FA004861B3;
			productRefGroup = 52A6B5E3226622FA004861B3 /* Products */;
			projectDirPath = "";
			projectRoot = "";
			targets = (
				52A6B5E1226622FA004861B3 /* EyeExecises */,
			);
		};
/* End PBXProject section */

/* Begin PBXResourcesBuildPhase section */
		52A6B5E0226622FA004861B3 /* Resources */ = {
			isa = PBXResourcesBuildPhase;
			buildActionMask = 2147483647;
			files = (
				52A6B5F022662300004861B3 /* LaunchScreen.storyboard in Resources */,
				52A6B5ED22662300004861B3 /* Assets.xcassets in Resources */,
				52A6B5EB226622FA004861B3 /* Main.storyboard in Resources */,
			);
			runOnlyForDeploymentPostprocessing = 0;
		};
/* End PBXResourcesBuildPhase section */

/* Begin PBXShellScriptBuildPhase section */
		B5F241B98A6FDD000C7F69E6 /* [CP] Check Pods Manifest.lock */ = {
			isa = PBXShellScriptBuildPhase;
			buildActionMask = 2147483647;
			files = (
			);
			inputFileListPaths = (
			);
			inputPaths = (
				"${PODS_PODFILE_DIR_PATH}/Podfile.lock",
				"${PODS_ROOT}/Manifest.lock",
			);
			name = "[CP] Check Pods Manifest.lock";
			outputFileListPaths = (
			);
			outputPaths = (
				"$(DERIVED_FILE_DIR)/Pods-EyeExecises-checkManifestLockResult.txt",
			);
			runOnlyForDeploymentPostprocessing = 0;
			shellPath = /bin/sh;
			shellScript = "diff \"${PODS_PODFILE_DIR_PATH}/Podfile.lock\" \"${PODS_ROOT}/Manifest.lock\" > /dev/null\nif [ $? != 0 ] ; then\n    # print error to STDERR\n    echo \"error: The sandbox is not in sync with the Podfile.lock. Run 'pod install' or update your CocoaPods installation.\" >&2\n    exit 1\nfi\n# This output is used by Xcode 'outputs' to avoid re-running this script phase.\necho \"SUCCESS\" > \"${SCRIPT_OUTPUT_FILE_0}\"\n";
			showEnvVarsInLog = 0;
		};
/* End PBXShellScriptBuildPhase section */

/* Begin PBXSourcesBuildPhase section */
		52A6B5DE226622FA004861B3 /* Sources */ = {
			isa = PBXSourcesBuildPhase;
			buildActionMask = 2147483647;
			files = (
				52A6B60E2266274D004861B3 /* MainScreenInteractorOutput.swift in Sources */,
				52A6B61B22664AB3004861B3 /* MainScreenViewOutput.swift in Sources */,
				52A6B5E6226622FA004861B3 /* AppDelegate.swift in Sources */,
				52A6B615226628D4004861B3 /* GradientView.swift in Sources */,
				527B91E7227C2F210095F992 /* VideoInteractorInput.swift in Sources */,
				527B91E5227C2F110095F992 /* VideoInteractor.swift in Sources */,
				52A6B6102266274D004861B3 /* MainScreenInteractor.swift in Sources */,
				527B91E1227C2EE00095F992 /* VideoPresenter.swift in Sources */,
				527B91ED227C37DD0095F992 /* VideoModuleConfigurator.swift in Sources */,
				52A6B61C22664AB3004861B3 /* MainScreenViewInput.swift in Sources */,
				52A6B62522664B83004861B3 /* BaseViewInput.swift in Sources */,
				52A6B60F2266274D004861B3 /* MainScreenInteractorInput.swift in Sources */,
				527B91DB227C2AA40095F992 /* VideoViewInput.swift in Sources */,
				52A6B6092266274D004861B3 /* MainScreenPresenter.swift in Sources */,
				52A6B61D22664AB3004861B3 /* MainScreenViewController.swift in Sources */,
				52A6B62C22664B8C004861B3 /* MenuViewController.swift in Sources */,
				527B91D9227C2A960095F992 /* VideoViewOutput.swift in Sources */,
				52A6B60A2266274D004861B3 /* MainScreenModuleConfigurator.swift in Sources */,
				52A6B6122266274D004861B3 /* MainScreenRouterOutput.swift in Sources */,
				52A6B6112266274D004861B3 /* MainScreenRouterInput.swift in Sources */,
				527B91E9227C2F2C0095F992 /* VideoInteractorOutput.swift in Sources */,
				52A6B62B22664B8C004861B3 /* MenuViewInput.swift in Sources */,
				527B91DF227C2ACF0095F992 /* VideoViewController.swift in Sources */,
				52A6B62A22664B8C004861B3 /* MenuViewOutput.swift in Sources */,
				52A6B62422664B83004861B3 /* BaseViewController.swift in Sources */,
				52A6B6132266274D004861B3 /* MainScreenRouter.swift in Sources */,
				52A6B62322664B83004861B3 /* BaseViewOutput.swift in Sources */,
			);
			runOnlyForDeploymentPostprocessing = 0;
		};
/* End PBXSourcesBuildPhase section */

/* Begin PBXVariantGroup section */
		52A6B5E9226622FA004861B3 /* Main.storyboard */ = {
			isa = PBXVariantGroup;
			children = (
				52A6B5EA226622FA004861B3 /* Base */,
			);
			name = Main.storyboard;
			sourceTree = "<group>";
		};
		52A6B5EE22662300004861B3 /* LaunchScreen.storyboard */ = {
			isa = PBXVariantGroup;
			children = (
				52A6B5EF22662300004861B3 /* Base */,
			);
			name = LaunchScreen.storyboard;
			sourceTree = "<group>";
		};
/* End PBXVariantGroup section */

/* Begin XCBuildConfiguration section */
		52A6B5F222662300004861B3 /* Debug */ = {
			isa = XCBuildConfiguration;
			buildSettings = {
				ALWAYS_SEARCH_USER_PATHS = NO;
				CLANG_ANALYZER_NONNULL = YES;
				CLANG_ANALYZER_NUMBER_OBJECT_CONVERSION = YES_AGGRESSIVE;
				CLANG_CXX_LANGUAGE_STANDARD = "gnu++14";
				CLANG_CXX_LIBRARY = "libc++";
				CLANG_ENABLE_MODULES = YES;
				CLANG_ENABLE_OBJC_ARC = YES;
				CLANG_ENABLE_OBJC_WEAK = YES;
				CLANG_WARN_BLOCK_CAPTURE_AUTORELEASING = YES;
				CLANG_WARN_BOOL_CONVERSION = YES;
				CLANG_WARN_COMMA = YES;
				CLANG_WARN_CONSTANT_CONVERSION = YES;
				CLANG_WARN_DEPRECATED_OBJC_IMPLEMENTATIONS = YES;
				CLANG_WARN_DIRECT_OBJC_ISA_USAGE = YES_ERROR;
				CLANG_WARN_DOCUMENTATION_COMMENTS = YES;
				CLANG_WARN_EMPTY_BODY = YES;
				CLANG_WARN_ENUM_CONVERSION = YES;
				CLANG_WARN_INFINITE_RECURSION = YES;
				CLANG_WARN_INT_CONVERSION = YES;
				CLANG_WARN_NON_LITERAL_NULL_CONVERSION = YES;
				CLANG_WARN_OBJC_IMPLICIT_RETAIN_SELF = YES;
				CLANG_WARN_OBJC_LITERAL_CONVERSION = YES;
				CLANG_WARN_OBJC_ROOT_CLASS = YES_ERROR;
				CLANG_WARN_RANGE_LOOP_ANALYSIS = YES;
				CLANG_WARN_STRICT_PROTOTYPES = YES;
				CLANG_WARN_SUSPICIOUS_MOVE = YES;
				CLANG_WARN_UNGUARDED_AVAILABILITY = YES_AGGRESSIVE;
				CLANG_WARN_UNREACHABLE_CODE = YES;
				CLANG_WARN__DUPLICATE_METHOD_MATCH = YES;
				CODE_SIGN_IDENTITY = "iPhone Developer";
				COPY_PHASE_STRIP = NO;
				DEBUG_INFORMATION_FORMAT = dwarf;
				ENABLE_STRICT_OBJC_MSGSEND = YES;
				ENABLE_TESTABILITY = YES;
				GCC_C_LANGUAGE_STANDARD = gnu11;
				GCC_DYNAMIC_NO_PIC = NO;
				GCC_NO_COMMON_BLOCKS = YES;
				GCC_OPTIMIZATION_LEVEL = 0;
				GCC_PREPROCESSOR_DEFINITIONS = (
					"DEBUG=1",
					"$(inherited)",
				);
				GCC_WARN_64_TO_32_BIT_CONVERSION = YES;
				GCC_WARN_ABOUT_RETURN_TYPE = YES_ERROR;
				GCC_WARN_UNDECLARED_SELECTOR = YES;
				GCC_WARN_UNINITIALIZED_AUTOS = YES_AGGRESSIVE;
				GCC_WARN_UNUSED_FUNCTION = YES;
				GCC_WARN_UNUSED_VARIABLE = YES;
				IPHONEOS_DEPLOYMENT_TARGET = 12.1;
				MTL_ENABLE_DEBUG_INFO = INCLUDE_SOURCE;
				MTL_FAST_MATH = YES;
				ONLY_ACTIVE_ARCH = YES;
				SDKROOT = iphoneos;
				SWIFT_ACTIVE_COMPILATION_CONDITIONS = DEBUG;
				SWIFT_OPTIMIZATION_LEVEL = "-Onone";
			};
			name = Debug;
		};
		52A6B5F322662300004861B3 /* Release */ = {
			isa = XCBuildConfiguration;
			buildSettings = {
				ALWAYS_SEARCH_USER_PATHS = NO;
				CLANG_ANALYZER_NONNULL = YES;
				CLANG_ANALYZER_NUMBER_OBJECT_CONVERSION = YES_AGGRESSIVE;
				CLANG_CXX_LANGUAGE_STANDARD = "gnu++14";
				CLANG_CXX_LIBRARY = "libc++";
				CLANG_ENABLE_MODULES = YES;
				CLANG_ENABLE_OBJC_ARC = YES;
				CLANG_ENABLE_OBJC_WEAK = YES;
				CLANG_WARN_BLOCK_CAPTURE_AUTORELEASING = YES;
				CLANG_WARN_BOOL_CONVERSION = YES;
				CLANG_WARN_COMMA = YES;
				CLANG_WARN_CONSTANT_CONVERSION = YES;
				CLANG_WARN_DEPRECATED_OBJC_IMPLEMENTATIONS = YES;
				CLANG_WARN_DIRECT_OBJC_ISA_USAGE = YES_ERROR;
				CLANG_WARN_DOCUMENTATION_COMMENTS = YES;
				CLANG_WARN_EMPTY_BODY = YES;
				CLANG_WARN_ENUM_CONVERSION = YES;
				CLANG_WARN_INFINITE_RECURSION = YES;
				CLANG_WARN_INT_CONVERSION = YES;
				CLANG_WARN_NON_LITERAL_NULL_CONVERSION = YES;
				CLANG_WARN_OBJC_IMPLICIT_RETAIN_SELF = YES;
				CLANG_WARN_OBJC_LITERAL_CONVERSION = YES;
				CLANG_WARN_OBJC_ROOT_CLASS = YES_ERROR;
				CLANG_WARN_RANGE_LOOP_ANALYSIS = YES;
				CLANG_WARN_STRICT_PROTOTYPES = YES;
				CLANG_WARN_SUSPICIOUS_MOVE = YES;
				CLANG_WARN_UNGUARDED_AVAILABILITY = YES_AGGRESSIVE;
				CLANG_WARN_UNREACHABLE_CODE = YES;
				CLANG_WARN__DUPLICATE_METHOD_MATCH = YES;
				CODE_SIGN_IDENTITY = "iPhone Developer";
				COPY_PHASE_STRIP = NO;
				DEBUG_INFORMATION_FORMAT = "dwarf-with-dsym";
				ENABLE_NS_ASSERTIONS = NO;
				ENABLE_STRICT_OBJC_MSGSEND = YES;
				GCC_C_LANGUAGE_STANDARD = gnu11;
				GCC_NO_COMMON_BLOCKS = YES;
				GCC_WARN_64_TO_32_BIT_CONVERSION = YES;
				GCC_WARN_ABOUT_RETURN_TYPE = YES_ERROR;
				GCC_WARN_UNDECLARED_SELECTOR = YES;
				GCC_WARN_UNINITIALIZED_AUTOS = YES_AGGRESSIVE;
				GCC_WARN_UNUSED_FUNCTION = YES;
				GCC_WARN_UNUSED_VARIABLE = YES;
				IPHONEOS_DEPLOYMENT_TARGET = 12.1;
				MTL_ENABLE_DEBUG_INFO = NO;
				MTL_FAST_MATH = YES;
				SDKROOT = iphoneos;
				SWIFT_COMPILATION_MODE = wholemodule;
				SWIFT_OPTIMIZATION_LEVEL = "-O";
				VALIDATE_PRODUCT = YES;
			};
			name = Release;
		};
		52A6B5F522662300004861B3 /* Debug */ = {
			isa = XCBuildConfiguration;
			baseConfigurationReference = 37934CCBC6ECC44189E25E0B /* Pods-EyeExecises.debug.xcconfig */;
			buildSettings = {
				ASSETCATALOG_COMPILER_APPICON_NAME = AppIcon;
				CODE_SIGN_STYLE = Automatic;
				DEVELOPMENT_TEAM = H9M9JGU32C;
				INFOPLIST_FILE = EyeExecises/Info.plist;
				LD_RUNPATH_SEARCH_PATHS = (
					"$(inherited)",
					"@executable_path/Frameworks",
				);
				PRODUCT_BUNDLE_IDENTIFIER = ru.hw.EyeExecises;
				PRODUCT_NAME = "$(TARGET_NAME)";
				SWIFT_VERSION = 4.2;
				TARGETED_DEVICE_FAMILY = "1,2";
			};
			name = Debug;
		};
		52A6B5F622662300004861B3 /* Release */ = {
			isa = XCBuildConfiguration;
			baseConfigurationReference = 44FED1E2D6A40A1D9D01BDEC /* Pods-EyeExecises.release.xcconfig */;
			buildSettings = {
				ASSETCATALOG_COMPILER_APPICON_NAME = AppIcon;
				CODE_SIGN_STYLE = Automatic;
				DEVELOPMENT_TEAM = H9M9JGU32C;
				INFOPLIST_FILE = EyeExecises/Info.plist;
				LD_RUNPATH_SEARCH_PATHS = (
					"$(inherited)",
					"@executable_path/Frameworks",
				);
				PRODUCT_BUNDLE_IDENTIFIER = ru.hw.EyeExecises;
				PRODUCT_NAME = "$(TARGET_NAME)";
				SWIFT_VERSION = 4.2;
				TARGETED_DEVICE_FAMILY = "1,2";
			};
			name = Release;
		};
/* End XCBuildConfiguration section */

/* Begin XCConfigurationList section */
		52A6B5DD226622FA004861B3 /* Build configuration list for PBXProject "EyeExecises" */ = {
			isa = XCConfigurationList;
			buildConfigurations = (
				52A6B5F222662300004861B3 /* Debug */,
				52A6B5F322662300004861B3 /* Release */,
			);
			defaultConfigurationIsVisible = 0;
			defaultConfigurationName = Release;
		};
		52A6B5F422662300004861B3 /* Build configuration list for PBXNativeTarget "EyeExecises" */ = {
			isa = XCConfigurationList;
			buildConfigurations = (
				52A6B5F522662300004861B3 /* Debug */,
				52A6B5F622662300004861B3 /* Release */,
			);
			defaultConfigurationIsVisible = 0;
			defaultConfigurationName = Release;
		};
/* End XCConfigurationList section */
	};
	rootObject = 52A6B5DA226622FA004861B3 /* Project object */;
}
